<?xml version="1.0" encoding="utf-8"?>
<Project ToolsVersion="4.0" xmlns="http://schemas.microsoft.com/developer/msbuild/2003">
  <ItemGroup>
    <Filter Include="Source Files">
      <UniqueIdentifier>{4FC737F1-C7A5-4376-A066-2A32D752A2FF}</UniqueIdentifier>
      <Extensions>cpp;c;cc;cxx;c++;cppm;ixx;def;odl;idl;hpj;bat;asm;asmx</Extensions>
    </Filter>
    <Filter Include="Header Files">
      <UniqueIdentifier>{93995380-89BD-4b04-88EB-625FBE52EBFB}</UniqueIdentifier>
      <Extensions>h;hh;hpp;hxx;h++;hm;inl;inc;ipp;xsd</Extensions>
    </Filter>
    <Filter Include="Resource Files">
      <UniqueIdentifier>{67DA6AB6-F800-4c08-8B7A-83BB121AAD01}</UniqueIdentifier>
      <Extensions>rc;ico;cur;bmp;dlg;rc2;rct;bin;rgs;gif;jpg;jpeg;jpe;resx;tiff;tif;png;wav;mfcribbon-ms</Extensions>
    </Filter>
    <Filter Include="Source Files\Programlamaya Giriş">
      <UniqueIdentifier>{85eb0d37-85ba-4a72-9283-98caae0642a3}</UniqueIdentifier>
    </Filter>
    <Filter Include="Source Files\Koşullu İfadeler">
      <UniqueIdentifier>{30b5d9a9-1908-4ea5-a94d-6afa7566ce8d}</UniqueIdentifier>
    </Filter>
    <Filter Include="Source Files\Döngüler">
      <UniqueIdentifier>{b9ce7310-2cc1-4e9e-bd46-849abaac250b}</UniqueIdentifier>
    </Filter>
  </ItemGroup>
  <ItemGroup>
    <ClCompile Include="Programlamaya Giriş\c-cpp-program.cpp">
      <Filter>Source Files\Programlamaya Giriş</Filter>
    </ClCompile>
    <ClCompile Include="Programlamaya Giriş\degiskenler.c">
      <Filter>Source Files\Programlamaya Giriş</Filter>
    </ClCompile>
    <ClCompile Include="Programlamaya Giriş\degiskenler-2.c">
      <Filter>Source Files\Programlamaya Giriş</Filter>
    </ClCompile>
    <ClCompile Include="Programlamaya Giriş\degiskenler-2.cpp">
      <Filter>Source Files\Programlamaya Giriş</Filter>
    </ClCompile>
    <ClCompile Include="Programlamaya Giriş\degiskenler-3.c">
      <Filter>Source Files\Programlamaya Giriş</Filter>
    </ClCompile>
    <ClCompile Include="Programlamaya Giriş\degiskenler-3.cpp">
      <Filter>Source Files\Programlamaya Giriş</Filter>
    </ClCompile>
    <ClCompile Include="Programlamaya Giriş\degiskenlerr.cpp">
      <Filter>Source Files\Programlamaya Giriş</Filter>
    </ClCompile>
    <ClCompile Include="Programlamaya Giriş\ilk-cpp-program.cpp">
      <Filter>Source Files\Programlamaya Giriş</Filter>
    </ClCompile>
    <ClCompile Include="Programlamaya Giriş\ilk-c-program.c">
      <Filter>Source Files\Programlamaya Giriş</Filter>
    </ClCompile>
    <ClCompile Include="Koşul İfadeleri\if-else.cpp">
      <Filter>Source Files\Koşullu İfadeler</Filter>
    </ClCompile>
    <ClCompile Include="Koşul İfadeleri\switch-case.cpp">
      <Filter>Source Files\Koşullu İfadeler</Filter>
    </ClCompile>
    <ClCompile Include="Koşul İfadeleri\switch-case-2.cpp">
      <Filter>Source Files\Koşullu İfadeler</Filter>
    </ClCompile>
    <ClCompile Include="Koşul İfadeleri\vize-final-ortalama.cpp">
      <Filter>Source Files\Koşullu İfadeler</Filter>
    </ClCompile>
    <ClCompile Include="Döngüler\for-dongusu.cpp">
      <Filter>Source Files\Döngüler</Filter>
    </ClCompile>
    <ClCompile Include="Döngüler\for-ornekleri.cpp">
      <Filter>Source Files\Döngüler</Filter>
    </ClCompile>
    <ClCompile Include="Programlamaya Giriş\aritmetiksel-atama-operatorleri.cpp">
      <Filter>Source Files\Programlamaya Giriş</Filter>
    </ClCompile>
    <ClCompile Include="Programlamaya Giriş\artirma-azaltma.cpp">
      <Filter>Source Files\Programlamaya Giriş</Filter>
    </ClCompile>
    <ClCompile Include="Programlamaya Giriş\cpp-veri-girisi.cpp">
      <Filter>Source Files\Programlamaya Giriş</Filter>
    </ClCompile>
    <ClCompile Include="Programlamaya Giriş\c-veri-girisi.c">
      <Filter>Source Files\Programlamaya Giriş</Filter>
    </ClCompile>
    <ClCompile Include="Programlamaya Giriş\karsilastirma-operatorleri.cpp">
      <Filter>Source Files\Programlamaya Giriş</Filter>
    </ClCompile>
    <ClCompile Include="Programlamaya Giriş\mantiksal-operatorler.cpp">
      <Filter>Source Files\Programlamaya Giriş</Filter>
    </ClCompile>
    <ClCompile Include="Programlamaya Giriş\operatorler.cpp">
      <Filter>Source Files\Programlamaya Giriş</Filter>
    </ClCompile>
    <ClCompile Include="Programlamaya Giriş\ornek.c">
      <Filter>Source Files\Programlamaya Giriş</Filter>
    </ClCompile>
    <ClCompile Include="Programlamaya Giriş\ornek.cpp">
      <Filter>Source Files\Programlamaya Giriş</Filter>
    </ClCompile>
    <ClCompile Include="Programlamaya Giriş\sabitler.cpp">
      <Filter>Source Files\Programlamaya Giriş</Filter>
    </ClCompile>
    <ClCompile Include="Programlamaya Giriş\tip-donusum.cpp">
      <Filter>Source Files\Programlamaya Giriş</Filter>
    </ClCompile>
    <ClCompile Include="Döngüler\fibonacci-sayi-dizisi.cpp">
      <Filter>Source Files</Filter>
    </ClCompile>
    <ClCompile Include="Döngüler\while-dongusu.cpp">
      <Filter>Source Files</Filter>
    </ClCompile>
    <ClCompile Include="Döngüler\sayi-tahmin-oyunu.cpp">
      <Filter>Source Files</Filter>
    </ClCompile>
    <ClCompile Include="Döngüler\asal-carpan-bulma.cpp">
      <Filter>Source Files</Filter>
    </ClCompile>
    <ClCompile Include="Döngüler\mukemmel-sayi.cpp">
      <Filter>Source Files</Filter>
    </ClCompile>
    <ClCompile Include="Döngüler\cift-sayilarin-toplami.cpp">
      <Filter>Source Files</Filter>
    </ClCompile>
    <ClCompile Include="Döngüler\asal-sayi-kontrolu.cpp">
      <Filter>Source Files</Filter>
    </ClCompile>
    <ClCompile Include="Döngüler\n-elemanli-seri.cpp">
      <Filter>Source Files</Filter>
    </ClCompile>
  </ItemGroup>
</Project>